
Microsoft Visual Studio Solution File, Format Version 12.00
# Visual Studio Version 17
VisualStudioVersion = 17.0.31903.59
MinimumVisualStudioVersion = 10.0.40219.1
Project("{9A19103F-16F7-4668-BE54-9A1E7A4F7556}") = "JobApplicationBot", "JobApplicationBot.csproj", "{2C266DB4-D553-B03D-923B-03E25F77FC7C}"
EndProject
Project("{FAE04EC0-301F-11D3-BF4B-00C04F79EFBC}") = "SmartApplyHub.Shared", "SmartApplyHub.Shared\SmartApplyHub.Shared.csproj", "{3E33CA15-40E0-47D8-9147-EA7417E2BA2C}"
EndProject
Project("{FAE04EC0-301F-11D3-BF4B-00C04F79EFBC}") = "SmartApplyHub.Mobile", "SmartApplyHub.Mobile\SmartApplyHub.Mobile.csproj", "{B5A7C8D1-2F3E-4A5B-9C6D-7E8F0A1B2C3D}"
EndProject
Global
	GlobalSection(SolutionConfigurationPlatforms) = preSolution
		Debug|Any CPU = Debug|Any CPU
		Debug|x64 = Debug|x64
		Debug|x86 = Debug|x86
		Release|Any CPU = Release|Any CPU
		Release|x64 = Release|x64
		Release|x86 = Release|x86
	EndGlobalSection
	GlobalSection(ProjectConfigurationPlatforms) = postSolution
		{2C266DB4-D553-B03D-923B-03E25F77FC7C}.Debug|Any CPU.ActiveCfg = Debug|Any CPU
		{2C266DB4-D553-B03D-923B-03E25F77FC7C}.Debug|Any CPU.Build.0 = Debug|Any CPU
		{2C266DB4-D553-B03D-923B-03E25F77FC7C}.Debug|x64.ActiveCfg = Debug|Any CPU
		{2C266DB4-D553-B03D-923B-03E25F77FC7C}.Debug|x64.Build.0 = Debug|Any CPU
		{2C266DB4-D553-B03D-923B-03E25F77FC7C}.Debug|x86.ActiveCfg = Debug|Any CPU
		{2C266DB4-D553-B03D-923B-03E25F77FC7C}.Debug|x86.Build.0 = Debug|Any CPU
		{2C266DB4-D553-B03D-923B-03E25F77FC7C}.Release|Any CPU.ActiveCfg = Release|Any CPU
		{2C266DB4-D553-B03D-923B-03E25F77FC7C}.Release|Any CPU.Build.0 = Release|Any CPU
		{2C266DB4-D553-B03D-923B-03E25F77FC7C}.Release|x64.ActiveCfg = Release|Any CPU
		{2C266DB4-D553-B03D-923B-03E25F77FC7C}.Release|x64.Build.0 = Release|Any CPU
		{2C266DB4-D553-B03D-923B-03E25F77FC7C}.Release|x86.ActiveCfg = Release|Any CPU
		{2C266DB4-D553-B03D-923B-03E25F77FC7C}.Release|x86.Build.0 = Release|Any CPU
		{3E33CA15-40E0-47D8-9147-EA7417E2BA2C}.Debug|Any CPU.ActiveCfg = Debug|Any CPU
		{3E33CA15-40E0-47D8-9147-EA7417E2BA2C}.Debug|Any CPU.Build.0 = Debug|Any CPU
		{3E33CA15-40E0-47D8-9147-EA7417E2BA2C}.Debug|x64.ActiveCfg = Debug|Any CPU
		{3E33CA15-40E0-47D8-9147-EA7417E2BA2C}.Debug|x64.Build.0 = Debug|Any CPU
		{3E33CA15-40E0-47D8-9147-EA7417E2BA2C}.Debug|x86.ActiveCfg = Debug|Any CPU
		{3E33CA15-40E0-47D8-9147-EA7417E2BA2C}.Debug|x86.Build.0 = Debug|Any CPU
		{3E33CA15-40E0-47D8-9147-EA7417E2BA2C}.Release|Any CPU.ActiveCfg = Release|Any CPU
		{3E33CA15-40E0-47D8-9147-EA7417E2BA2C}.Release|Any CPU.Build.0 = Release|Any CPU
		{3E33CA15-40E0-47D8-9147-EA7417E2BA2C}.Release|x64.ActiveCfg = Release|Any CPU
		{3E33CA15-40E0-47D8-9147-EA7417E2BA2C}.Release|x64.Build.0 = Release|Any CPU
		{3E33CA15-40E0-47D8-9147-EA7417E2BA2C}.Release|x86.ActiveCfg = Release|Any CPU
		{3E33CA15-40E0-47D8-9147-EA7417E2BA2C}.Release|x86.Build.0 = Release|Any CPU
		{B5A7C8D1-2F3E-4A5B-9C6D-7E8F0A1B2C3D}.Debug|Any CPU.ActiveCfg = Debug|Any CPU
		{B5A7C8D1-2F3E-4A5B-9C6D-7E8F0A1B2C3D}.Debug|Any CPU.Build.0 = Debug|Any CPU
		{B5A7C8D1-2F3E-4A5B-9C6D-7E8F0A1B2C3D}.Debug|Any CPU.Deploy.0 = Debug|Any CPU
		{B5A7C8D1-2F3E-4A5B-9C6D-7E8F0A1B2C3D}.Debug|x64.ActiveCfg = Debug|Any CPU
		{B5A7C8D1-2F3E-4A5B-9C6D-7E8F0A1B2C3D}.Debug|x64.Build.0 = Debug|Any CPU
		{B5A7C8D1-2F3E-4A5B-9C6D-7E8F0A1B2C3D}.Debug|x86.ActiveCfg = Debug|Any CPU
		{B5A7C8D1-2F3E-4A5B-9C6D-7E8F0A1B2C3D}.Debug|x86.Build.0 = Debug|Any CPU
		{B5A7C8D1-2F3E-4A5B-9C6D-7E8F0A1B2C3D}.Release|Any CPU.ActiveCfg = Release|Any CPU
		{B5A7C8D1-2F3E-4A5B-9C6D-7E8F0A1B2C3D}.Release|Any CPU.Build.0 = Release|Any CPU
		{B5A7C8D1-2F3E-4A5B-9C6D-7E8F0A1B2C3D}.Release|x64.ActiveCfg = Release|Any CPU
		{B5A7C8D1-2F3E-4A5B-9C6D-7E8F0A1B2C3D}.Release|x64.Build.0 = Release|Any CPU
		{B5A7C8D1-2F3E-4A5B-9C6D-7E8F0A1B2C3D}.Release|x86.ActiveCfg = Release|Any CPU
		{B5A7C8D1-2F3E-4A5B-9C6D-7E8F0A1B2C3D}.Release|x86.Build.0 = Release|Any CPU
	EndGlobalSection
	GlobalSection(SolutionProperties) = preSolution
		HideSolutionNode = FALSE
	EndGlobalSection
	GlobalSection(ExtensibilityGlobals) = postSolution
		SolutionGuid = {A1B2C3D4-E5F6-7890-ABCD-EF1234567890}
	EndGlobalSection
EndGlobal
